
Microsoft Visual Studio Solution File, Format Version 12.00
# Visual Studio 14
VisualStudioVersion = 14.0.23107.0
MinimumVisualStudioVersion = 10.0.40219.1
Project("{2150E333-8FDC-42A3-9474-1A3956D46DE8}") = "SolutionItems", "SolutionItems", "{6A5A7337-11EB-4B20-8B60-9FBF234019D4}"
	ProjectSection(SolutionItems) = preProject
		GlobalAssemblyInfo.cs = GlobalAssemblyInfo.cs
		NuGet.Config = NuGet.Config
	EndProjectSection
EndProject
Project("{FAE04EC0-301F-11D3-BF4B-00C04F79EFBC}") = "Improving.DbUp", "Source\Improving.DbUp\Improving.DbUp.csproj", "{55B0ADC9-EEB6-4AEA-B6C8-D5CC608DDCF8}"
EndProject
Project("{FAE04EC0-301F-11D3-BF4B-00C04F79EFBC}") = "Improving.DbUp.QuickStart", "Source\Improving.DbUp.QuickStart\Improving.DbUp.QuickStart.csproj", "{39B94D63-09AD-46E5-B371-F4EB9591FCF9}"
EndProject
Project("{FAE04EC0-301F-11D3-BF4B-00C04F79EFBC}") = "Improving.DbUp.Tests", "Source\Improving.DbUp.Tests\Improving.DbUp.Tests.csproj", "{47826E09-A4D6-400E-872C-DC8B7D6F0AFD}"
EndProject
Global
	GlobalSection(SolutionConfigurationPlatforms) = preSolution
		Debug|Any CPU = Debug|Any CPU
		Release|Any CPU = Release|Any CPU
	EndGlobalSection
	GlobalSection(ProjectConfigurationPlatforms) = postSolution
		{55B0ADC9-EEB6-4AEA-B6C8-D5CC608DDCF8}.Debug|Any CPU.ActiveCfg = Debug|Any CPU
		{55B0ADC9-EEB6-4AEA-B6C8-D5CC608DDCF8}.Debug|Any CPU.Build.0 = Debug|Any CPU
		{55B0ADC9-EEB6-4AEA-B6C8-D5CC608DDCF8}.Release|Any CPU.ActiveCfg = Release|Any CPU
		{55B0ADC9-EEB6-4AEA-B6C8-D5CC608DDCF8}.Release|Any CPU.Build.0 = Release|Any CPU
		{39B94D63-09AD-46E5-B371-F4EB9591FCF9}.Debug|Any CPU.ActiveCfg = Debug|Any CPU
		{39B94D63-09AD-46E5-B371-F4EB9591FCF9}.Debug|Any CPU.Build.0 = Debug|Any CPU
		{39B94D63-09AD-46E5-B371-F4EB9591FCF9}.Release|Any CPU.ActiveCfg = Release|Any CPU
		{39B94D63-09AD-46E5-B371-F4EB9591FCF9}.Release|Any CPU.Build.0 = Release|Any CPU
		{47826E09-A4D6-400E-872C-DC8B7D6F0AFD}.Debug|Any CPU.ActiveCfg = Debug|Any CPU
		{47826E09-A4D6-400E-872C-DC8B7D6F0AFD}.Debug|Any CPU.Build.0 = Debug|Any CPU
		{47826E09-A4D6-400E-872C-DC8B7D6F0AFD}.Release|Any CPU.ActiveCfg = Release|Any CPU
		{47826E09-A4D6-400E-872C-DC8B7D6F0AFD}.Release|Any CPU.Build.0 = Release|Any CPU
	EndGlobalSection
	GlobalSection(SolutionProperties) = preSolution
		HideSolutionNode = FALSE
	EndGlobalSection
EndGlobal
